{
  "name": "@deepsalunkhee/hasher",
  "version": "1.0.3",
  "lockfileVersion": 3,
  "requires": true,
  "packages": {
    "": {
      "name": "@deepsalunkhee/hasher",
      "version": "1.0.3",
      "license": "ISC",
      "dependencies": {
        "@deepsalunkhee/hasher": "^1.0.0"
      }
    },
    "node_modules/@deepsalunkhee/hasher": {
      "version": "1.0.0",
      "resolved": "https://registry.npmjs.org/@deepsalunkhee/hasher/-/hasher-1.0.0.tgz",
      "integrity": "sha512-Y8DPsePaAQdvvVLPDy5lwHpVgjS7OYfq14t2x+IRS6KDt211T1AO2NKRoz9cfLWpYS7N84kOHfs+rQJymKDDVQ=="
    }
  }
}
